{
  "name": "usePackage",
  "version": "1.0.0",
  "lockfileVersion": 1,
  "requires": true,
  "dependencies": {
    "scalercalculation": {
      "version": "1.0.0",
      "resolved": "https://registry.npmjs.org/scalercalculation/-/scalercalculation-1.0.0.tgz",
      "integrity": "sha512-GIn+kM8kTz7vr7tLIurAOa6y9amKQ4dJsLJ2b0zd2Z5n9+t66rSJAlvKcae1A1fAq/5mq2DAT3YgPj+JA2+A+Q=="
    }
  }
}
